
Microsoft Visual Studio Solution File, Format Version 12.00
# Visual Studio Version 17
VisualStudioVersion = 17.14.36408.4 d17.14
MinimumVisualStudioVersion = 10.0.40219.1
Project("{FAE04EC0-301F-11D3-BF4B-00C04F79EFBC}") = "Task1", "Task1\Task1.csproj", "{5DB8F92D-E916-43B2-A6FD-6D7706C23DFD}"
EndProject
Global
	GlobalSection(SolutionConfigurationPlatforms) = preSolution
		Debug|Any CPU = Debug|Any CPU
		Release|Any CPU = Release|Any CPU
	EndGlobalSection
	GlobalSection(ProjectConfigurationPlatforms) = postSolution
		{5DB8F92D-E916-43B2-A6FD-6D7706C23DFD}.Debug|Any CPU.ActiveCfg = Debug|Any CPU
		{5DB8F92D-E916-43B2-A6FD-6D7706C23DFD}.Debug|Any CPU.Build.0 = Debug|Any CPU
		{5DB8F92D-E916-43B2-A6FD-6D7706C23DFD}.Release|Any CPU.ActiveCfg = Release|Any CPU
		{5DB8F92D-E916-43B2-A6FD-6D7706C23DFD}.Release|Any CPU.Build.0 = Release|Any CPU
	EndGlobalSection
	GlobalSection(SolutionProperties) = preSolution
		HideSolutionNode = FALSE
	EndGlobalSection
	GlobalSection(ExtensibilityGlobals) = postSolution
		SolutionGuid = {7AB5AC36-D813-42C0-930B-C4CF523FE8CD}
	EndGlobalSection
EndGlobal
